
Microsoft Visual Studio Solution File, Format Version 12.00
# Visual Studio Version 17
VisualStudioVersion = 17.5.33516.290
MinimumVisualStudioVersion = 10.0.40219.1
Project("{9A19103F-16F7-4668-BE54-9A1E7A4F7556}") = "NetCore.Web", "NetCore.Web\NetCore.Web.csproj", "{E3FFBEF1-D3A4-42FE-862A-F85BBF80E2D5}"
EndProject
Project("{9A19103F-16F7-4668-BE54-9A1E7A4F7556}") = "NetCore.Services", "NetCore.Services\NetCore.Services.csproj", "{C740AA27-5AEE-4EEE-8E96-E0B9D413CEC9}"
EndProject
Project("{9A19103F-16F7-4668-BE54-9A1E7A4F7556}") = "NetCore.Data", "NetCore.Data\NetCore.Data.csproj", "{3D9DB715-0E16-4179-957C-9A6601CD9EAE}"
EndProject
Project("{9A19103F-16F7-4668-BE54-9A1E7A4F7556}") = "NetCore.Utilities", "NetCore.Utilities\NetCore.Utilities.csproj", "{90082C09-AA30-418E-A250-72667B0CF09B}"
EndProject
Project("{9A19103F-16F7-4668-BE54-9A1E7A4F7556}") = "NetCore.Migrations", "NetCore.Migrations\NetCore.Migrations.csproj", "{47D18CDD-04E7-4E9C-8FD6-0E630748FA2E}"
EndProject
Project("{9A19103F-16F7-4668-BE54-9A1E7A4F7556}") = "NetCore.Databases", "NetCore.Databases\NetCore.Databases.csproj", "{17D2E87C-0DF0-4CDE-A20B-BF48848A804A}"
EndProject
Project("{FAE04EC0-301F-11D3-BF4B-00C04F79EFBC}") = "NetCore.PasswordHasher", "NetCore.PasswordHasher\NetCore.PasswordHasher.csproj", "{2825623E-F405-463C-895F-C109C747CB3F}"
EndProject
Global
	GlobalSection(SolutionConfigurationPlatforms) = preSolution
		Debug|Any CPU = Debug|Any CPU
		Release|Any CPU = Release|Any CPU
	EndGlobalSection
	GlobalSection(ProjectConfigurationPlatforms) = postSolution
		{E3FFBEF1-D3A4-42FE-862A-F85BBF80E2D5}.Debug|Any CPU.ActiveCfg = Debug|Any CPU
		{E3FFBEF1-D3A4-42FE-862A-F85BBF80E2D5}.Debug|Any CPU.Build.0 = Debug|Any CPU
		{E3FFBEF1-D3A4-42FE-862A-F85BBF80E2D5}.Release|Any CPU.ActiveCfg = Release|Any CPU
		{E3FFBEF1-D3A4-42FE-862A-F85BBF80E2D5}.Release|Any CPU.Build.0 = Release|Any CPU
		{C740AA27-5AEE-4EEE-8E96-E0B9D413CEC9}.Debug|Any CPU.ActiveCfg = Debug|Any CPU
		{C740AA27-5AEE-4EEE-8E96-E0B9D413CEC9}.Debug|Any CPU.Build.0 = Debug|Any CPU
		{C740AA27-5AEE-4EEE-8E96-E0B9D413CEC9}.Release|Any CPU.ActiveCfg = Release|Any CPU
		{C740AA27-5AEE-4EEE-8E96-E0B9D413CEC9}.Release|Any CPU.Build.0 = Release|Any CPU
		{3D9DB715-0E16-4179-957C-9A6601CD9EAE}.Debug|Any CPU.ActiveCfg = Debug|Any CPU
		{3D9DB715-0E16-4179-957C-9A6601CD9EAE}.Debug|Any CPU.Build.0 = Debug|Any CPU
		{3D9DB715-0E16-4179-957C-9A6601CD9EAE}.Release|Any CPU.ActiveCfg = Release|Any CPU
		{3D9DB715-0E16-4179-957C-9A6601CD9EAE}.Release|Any CPU.Build.0 = Release|Any CPU
		{90082C09-AA30-418E-A250-72667B0CF09B}.Debug|Any CPU.ActiveCfg = Debug|Any CPU
		{90082C09-AA30-418E-A250-72667B0CF09B}.Debug|Any CPU.Build.0 = Debug|Any CPU
		{90082C09-AA30-418E-A250-72667B0CF09B}.Release|Any CPU.ActiveCfg = Release|Any CPU
		{90082C09-AA30-418E-A250-72667B0CF09B}.Release|Any CPU.Build.0 = Release|Any CPU
		{47D18CDD-04E7-4E9C-8FD6-0E630748FA2E}.Debug|Any CPU.ActiveCfg = Debug|Any CPU
		{47D18CDD-04E7-4E9C-8FD6-0E630748FA2E}.Debug|Any CPU.Build.0 = Debug|Any CPU
		{47D18CDD-04E7-4E9C-8FD6-0E630748FA2E}.Release|Any CPU.ActiveCfg = Release|Any CPU
		{47D18CDD-04E7-4E9C-8FD6-0E630748FA2E}.Release|Any CPU.Build.0 = Release|Any CPU
		{17D2E87C-0DF0-4CDE-A20B-BF48848A804A}.Debug|Any CPU.ActiveCfg = Debug|Any CPU
		{17D2E87C-0DF0-4CDE-A20B-BF48848A804A}.Debug|Any CPU.Build.0 = Debug|Any CPU
		{17D2E87C-0DF0-4CDE-A20B-BF48848A804A}.Release|Any CPU.ActiveCfg = Release|Any CPU
		{17D2E87C-0DF0-4CDE-A20B-BF48848A804A}.Release|Any CPU.Build.0 = Release|Any CPU
		{2825623E-F405-463C-895F-C109C747CB3F}.Debug|Any CPU.ActiveCfg = Debug|Any CPU
		{2825623E-F405-463C-895F-C109C747CB3F}.Debug|Any CPU.Build.0 = Debug|Any CPU
		{2825623E-F405-463C-895F-C109C747CB3F}.Release|Any CPU.ActiveCfg = Release|Any CPU
		{2825623E-F405-463C-895F-C109C747CB3F}.Release|Any CPU.Build.0 = Release|Any CPU
	EndGlobalSection
	GlobalSection(SolutionProperties) = preSolution
		HideSolutionNode = FALSE
	EndGlobalSection
	GlobalSection(ExtensibilityGlobals) = postSolution
		SolutionGuid = {377904C8-1F19-461B-88FF-40D73EC656DD}
	EndGlobalSection
EndGlobal
